Microsoft Visual Studio Solution File, Format Version 12.00
# Visual Studio 15
VisualStudioVersion = 15.0.27130.2027
MinimumVisualStudioVersion = 10.0.40219.1
Project("{8BC9CEB8-8B4A-11D0-8D11-00A0C91BC942}") = "irr_v", "irr_v.vcxproj", "{C59B58EB-4BE0-46B2-84F2-6236118E7F24}"
EndProject
Global
	GlobalSection(SolutionConfigurationPlatforms) = preSolution
		Debug|Win32 = Debug|Win32
		Release|Win32 = Release|Win32
	EndGlobalSection
	GlobalSection(ProjectConfigurationPlatforms) = postSolution
		{C59B58EB-4BE0-46B2-84F2-6236118E7F24}.Debug|Win32.ActiveCfg = Debug|Win32
		{C59B58EB-4BE0-46B2-84F2-6236118E7F24}.Debug|Win32.Build.0 = Debug|Win32
		{C59B58EB-4BE0-46B2-84F2-6236118E7F24}.Release|Win32.ActiveCfg = Release|Win32
		{C59B58EB-4BE0-46B2-84F2-6236118E7F24}.Release|Win32.Build.0 = Release|Win32
	EndGlobalSection
	GlobalSection(SolutionProperties) = preSolution
		HideSolutionNode = FALSE
	EndGlobalSection
	GlobalSection(ExtensibilityGlobals) = postSolution
		SolutionGuid = {072AE350-CF2F-434E-80DD-A372D2CAD2AD}
	EndGlobalSection
EndGlobal
